version = 1
revision = 3
requires-python = ">=3.11"

[[package]]
name = "anyio"
version = "4.10.0"
source = { registry = "https://pypi.org/simple" }
dependencies = [
    { name = "idna" },
    { name = "sniffio" },
    { name = "typing-extensions", marker = "python_full_version < '3.13'" },
]
sdist = { url = "https://files.pythonhosted.org/packages/f1/b4/636b3b65173d3ce9a38ef5f0522789614e590dab6a8d505340a4efe4c567/anyio-4.10.0.tar.gz", hash = "sha256:3f3fae35c96039744587aa5b8371e7e8e603c0702999535961dd336026973ba6", size = 213252, upload-time = "2025-08-04T08:54:26.451Z" }
wheels = [
    { url = "https://files.pythonhosted.org/packages/6f/12/e5e0282d673bb9746bacfb6e2dba8719989d3660cdb2ea79aee9a9651afb/anyio-4.10.0-py3-none-any.whl", hash = "sha256:60e474ac86736bbfd6f210f7a61218939c318f43f9972497381f1c5e930ed3d1", size = 107213, upload-time = "2025-08-04T08:54:24.882Z" },
]

[[package]]
name = "certifi"
version = "2025.8.3"
source = { registry = "https://pypi.org/simple" }
sdist = { url = "https://files.pythonhosted.org/packages/dc/67/960ebe6bf230a96cda2e0abcf73af550ec4f090005363542f0765df162e0/certifi-2025.8.3.tar.gz", hash = "sha256:e564105f78ded564e3ae7c923924435e1daa7463faeab5bb932bc53ffae63407", size = 162386, upload-time = "2025-08-03T03:07:47.08Z" }
wheels = [
    { url = "https://files.pythonhosted.org/packages/e5/48/1549795ba7742c948d2ad169c1c8cdbae65bc450d6cd753d124b17c8cd32/certifi-2025.8.3-py3-none-any.whl", hash = "sha256:f6c12493cfb1b06ba2ff328595af9350c65d6644968e5d3a2ffd78699af217a5", size = 161216, upload-time = "2025-08-03T03:07:45.777Z" },
]

[[package]]
name = "dadosabertos-scraper"
version = "0.1.0"
source = { editable = "." }
dependencies = [
    { name = "httpx" },
    { name = "orjson" },
]

[package.metadata]
requires-dist = [
    { name = "httpx", specifier = ">=0.28.1" },
    { name = "orjson", specifier = ">=3.11.2" },
]

[[package]]
name = "h11"
version = "0.16.0"
source = { registry = "https://pypi.org/simple" }
sdist = { url = "https://files.pythonhosted.org/packages/01/ee/02a2c011bdab74c6fb3c75474d40b3052059d95df7e73351460c8588d963/h11-0.16.0.tar.gz", hash = "sha256:4e35b956cf45792e4caa5885e69fba00bdbc6ffafbfa020300e549b208ee5ff1", size = 101250, upload-time = "2025-04-24T03:35:25.427Z" }
wheels = [
    { url = "https://files.pythonhosted.org/packages/04/4b/29cac41a4d98d144bf5f6d33995617b185d14b22401f75ca86f384e87ff1/h11-0.16.0-py3-none-any.whl", hash = "sha256:63cf8bbe7522de3bf65932fda1d9c2772064ffb3dae62d55932da54b31cb6c86", size = 37515, upload-time = "2025-04-24T03:35:24.344Z" },
]

[[package]]
name = "httpcore"
version = "1.0.9"
source = { registry = "https://pypi.org/simple" }
dependencies = [
    { name = "certifi" },
    { name = "h11" },
]
sdist = { url = "https://files.pythonhosted.org/packages/06/94/82699a10bca87a5556c9c59b5963f2d039dbd239f25bc2a63907a05a14cb/httpcore-1.0.9.tar.gz", hash = "sha256:6e34463af53fd2ab5d807f399a9b45ea31c3dfa2276f15a2c3f00afff6e176e8", size = 85484, upload-time = "2025-04-24T22:06:22.219Z" }
wheels = [
    { url = "https://files.pythonhosted.org/packages/7e/f5/f66802a942d491edb555dd61e3a9961140fd64c90bce1eafd741609d334d/httpcore-1.0.9-py3-none-any.whl", hash = "sha256:2d400746a40668fc9dec9810239072b40b4484b640a8c38fd654a024c7a1bf55", size = 78784, upload-time = "2025-04-24T22:06:20.566Z" },
]

[[package]]
name = "httpx"
version = "0.28.1"
source = { registry = "https://pypi.org/simple" }
dependencies = [
    { name = "anyio" },
    { name = "certifi" },
    { name = "httpcore" },
    { name = "idna" },
]
sdist = { url = "https://files.pythonhosted.org/packages/b1/df/48c586a5fe32a0f01324ee087459e112ebb7224f646c0b5023f5e79e9956/httpx-0.28.1.tar.gz", hash = "sha256:75e98c5f16b0f35b567856f597f06ff2270a374470a5c2392242528e3e3e42fc", size = 141406, upload-time = "2024-12-06T15:37:23.222Z" }
wheels = [
    { url = "https://files.pythonhosted.org/packages/2a/39/e50c7c3a983047577ee07d2a9e53faf5a69493943ec3f6a384bdc792deb2/httpx-0.28.1-py3-none-any.whl", hash = "sha256:d909fcccc110f8c7faf814ca82a9a4d816bc5a6dbfea25d6591d6985b8ba59ad", size = 73517, upload-time = "2024-12-06T15:37:21.509Z" },
]

[[package]]
name = "idna"
version = "3.10"
source = { registry = "https://pypi.org/simple" }
sdist = { url = "https://files.pythonhosted.org/packages/f1/70/7703c29685631f5a7590aa73f1f1d3fa9a380e654b86af429e0934a32f7d/idna-3.10.tar.gz", hash = "sha256:12f65c9b470abda6dc35cf8e63cc574b1c52b11df2c86030af0ac09b01b13ea9", size = 190490, upload-time = "2024-09-15T18:07:39.745Z" }
wheels = [
    { url = "https://files.pythonhosted.org/packages/76/c6/c88e154df9c4e1a2a66ccf0005a88dfb2650c1dffb6f5ce603dfbd452ce3/idna-3.10-py3-none-any.whl", hash = "sha256:946d195a0d259cbba61165e88e65941f16e9b36ea6ddb97f00452bae8b1287d3", size = 70442, upload-time = "2024-09-15T18:07:37.964Z" },
]

[[package]]
name = "orjson"
version = "3.11.2"
source = { registry = "https://pypi.org/simple" }
sdist = { url = "https://files.pythonhosted.org/packages/df/1d/5e0ae38788bdf0721326695e65fdf41405ed535f633eb0df0f06f57552fa/orjson-3.11.2.tar.gz", hash = "sha256:91bdcf5e69a8fd8e8bdb3de32b31ff01d2bd60c1e8d5fe7d5afabdcf19920309", size = 5470739, upload-time = "2025-08-12T15:12:28.626Z" }
wheels = [
    { url = "https://files.pythonhosted.org/packages/78/7d/e295df1ac9920cbb19fb4c1afa800e86f175cb657143aa422337270a4782/orjson-3.11.2-cp311-cp311-macosx_10_15_x86_64.macosx_11_0_arm64.macosx_10_15_universal2.whl", hash = "sha256:888b64ef7eaeeff63f773881929434a5834a6a140a63ad45183d59287f07fc6a", size = 226502, upload-time = "2025-08-12T15:10:42.284Z" },
    { url = "https://files.pythonhosted.org/packages/65/21/ffb0f10ea04caf418fb4e7ad1fda4b9ab3179df9d7a33b69420f191aadd5/orjson-3.11.2-cp311-cp311-macosx_15_0_arm64.whl", hash = "sha256:83387cc8b26c9fa0ae34d1ea8861a7ae6cff8fb3e346ab53e987d085315a728e", size = 115999, upload-time = "2025-08-12T15:10:43.738Z" },
    { url = "https://files.pythonhosted.org/packages/90/d5/8da1e252ac3353d92e6f754ee0c85027c8a2cda90b6899da2be0df3ef83d/orjson-3.11.2-cp311-cp311-manylinux_2_17_aarch64.manylinux2014_aarch64.whl", hash = "sha256:d7e35f003692c216d7ee901b6b916b5734d6fc4180fcaa44c52081f974c08e17", size = 111563, upload-time = "2025-08-12T15:10:45.301Z" },
    { url = "https://files.pythonhosted.org/packages/4f/81/baabc32e52c570b0e4e1044b1bd2ccbec965e0de3ba2c13082255efa2006/orjson-3.11.2-cp311-cp311-manylinux_2_17_armv7l.manylinux2014_armv7l.whl", hash = "sha256:4a0a4c29ae90b11d0c00bcc31533854d89f77bde2649ec602f512a7e16e00640", size = 116222, upload-time = "2025-08-12T15:10:46.92Z" },
    { url = "https://files.pythonhosted.org/packages/8d/b7/da2ad55ad80b49b560dce894c961477d0e76811ee6e614b301de9f2f8728/orjson-3.11.2-cp311-cp311-manylinux_2_17_i686.manylinux2014_i686.whl", hash = "sha256:585d712b1880f68370108bc5534a257b561672d1592fae54938738fe7f6f1e33", size = 118594, upload-time = "2025-08-12T15:10:48.488Z" },
    { url = "https://files.pythonhosted.org/packages/61/be/014f7eab51449f3c894aa9bbda2707b5340c85650cb7d0db4ec9ae280501/orjson-3.11.2-cp311-cp311-manylinux_2_17_ppc64le.manylinux2014_ppc64le.whl", hash = "sha256:d08e342a7143f8a7c11f1c4033efe81acbd3c98c68ba1b26b96080396019701f", size = 120700, upload-time = "2025-08-12T15:10:49.811Z" },
    { url = "https://files.pythonhosted.org/packages/cf/ae/c217903a30c51341868e2d8c318c59a8413baa35af54d7845071c8ccd6fe/orjson-3.11.2-cp311-cp311-manylinux_2_17_s390x.manylinux2014_s390x.whl", hash = "sha256:29c0f84fc50398773a702732c87cd622737bf11c0721e6db3041ac7802a686fb", size = 123433, upload-time = "2025-08-12T15:10:51.06Z" },
    { url = "https://files.pythonhosted.org/packages/57/c2/b3c346f78b1ff2da310dd300cb0f5d32167f872b4d3bb1ad122c889d97b0/orjson-3.11.2-cp311-cp311-manylinux_2_17_x86_64.manylinux2014_x86_64.whl", hash = "sha256:140f84e3c8d4c142575898c91e3981000afebf0333df753a90b3435d349a5fe5", size = 121061, upload-time = "2025-08-12T15:10:52.381Z" },
    { url = "https://files.pythonhosted.org/packages/00/c8/c97798f6010327ffc75ad21dd6bca11ea2067d1910777e798c2849f1c68f/orjson-3.11.2-cp311-cp311-musllinux_1_2_aarch64.whl", hash = "sha256:96304a2b7235e0f3f2d9363ddccdbfb027d27338722fe469fe656832a017602e", size = 119410, upload-time = "2025-08-12T15:10:53.692Z" },
    { url = "https://files.pythonhosted.org/packages/37/fd/df720f7c0e35694617b7f95598b11a2cb0374661d8389703bea17217da53/orjson-3.11.2-cp311-cp311-musllinux_1_2_armv7l.whl", hash = "sha256:3d7612bb227d5d9582f1f50a60bd55c64618fc22c4a32825d233a4f2771a428a", size = 392294, upload-time = "2025-08-12T15:10:55.079Z" },
    { url = "https://files.pythonhosted.org/packages/ba/52/0120d18f60ab0fe47531d520372b528a45c9a25dcab500f450374421881c/orjson-3.11.2-cp311-cp311-musllinux_1_2_i686.whl", hash = "sha256:a134587d18fe493befc2defffef2a8d27cfcada5696cb7234de54a21903ae89a", size = 134134, upload-time = "2025-08-12T15:10:56.568Z" },
    { url = "https://files.pythonhosted.org/packages/ec/10/1f967671966598366de42f07e92b0fc694ffc66eafa4b74131aeca84915f/orjson-3.11.2-cp311-cp311-musllinux_1_2_x86_64.whl", hash = "sha256:0b84455e60c4bc12c1e4cbaa5cfc1acdc7775a9da9cec040e17232f4b05458bd", size = 123745, upload-time = "2025-08-12T15:10:57.907Z" },
    { url = "https://files.pythonhosted.org/packages/43/eb/76081238671461cfd0f47e0c24f408ffa66184237d56ef18c33e86abb612/orjson-3.11.2-cp311-cp311-win32.whl", hash = "sha256:f0660efeac223f0731a70884e6914a5f04d613b5ae500744c43f7bf7b78f00f9", size = 124393, upload-time = "2025-08-12T15:10:59.267Z" },
    { url = "https://files.pythonhosted.org/packages/26/76/cc598c1811ba9ba935171267b02e377fc9177489efce525d478a2999d9cc/orjson-3.11.2-cp311-cp311-win_amd64.whl", hash = "sha256:955811c8405251d9e09cbe8606ad8fdef49a451bcf5520095a5ed38c669223d8", size = 119561, upload-time = "2025-08-12T15:11:00.559Z" },
    { url = "https://files.pythonhosted.org/packages/d8/17/c48011750f0489006f7617b0a3cebc8230f36d11a34e7e9aca2085f07792/orjson-3.11.2-cp311-cp311-win_arm64.whl", hash = "sha256:2e4d423a6f838552e3a6d9ec734b729f61f88b1124fd697eab82805ea1a2a97d", size = 114186, upload-time = "2025-08-12T15:11:01.931Z" },
    { url = "https://files.pythonhosted.org/packages/40/02/46054ebe7996a8adee9640dcad7d39d76c2000dc0377efa38e55dc5cbf78/orjson-3.11.2-cp312-cp312-macosx_10_15_x86_64.macosx_11_0_arm64.macosx_10_15_universal2.whl", hash = "sha256:901d80d349d8452162b3aa1afb82cec5bee79a10550660bc21311cc61a4c5486", size = 226528, upload-time = "2025-08-12T15:11:03.317Z" },
    { url = "https://files.pythonhosted.org/packages/e2/c6/6b6f0b4d8aea1137436546b990f71be2cd8bd870aa2f5aa14dba0fcc95dc/orjson-3.11.2-cp312-cp312-macosx_15_0_arm64.whl", hash = "sha256:cf3bd3967a360e87ee14ed82cb258b7f18c710dacf3822fb0042a14313a673a1", size = 115931, upload-time = "2025-08-12T15:11:04.759Z" },
    { url = "https://files.pythonhosted.org/packages/ae/05/4205cc97c30e82a293dd0d149b1a89b138ebe76afeca66fc129fa2aa4e6a/orjson-3.11.2-cp312-cp312-manylinux_2_17_aarch64.manylinux2014_aarch64.whl", hash = "sha256:26693dde66910078229a943e80eeb99fdce6cd2c26277dc80ead9f3ab97d2131", size = 111382, upload-time = "2025-08-12T15:11:06.468Z" },
    { url = "https://files.pythonhosted.org/packages/50/c7/b8a951a93caa821f9272a7c917115d825ae2e4e8768f5ddf37968ec9de01/orjson-3.11.2-cp312-cp312-manylinux_2_17_armv7l.manylinux2014_armv7l.whl", hash = "sha256:4ad4c8acb50a28211c33fc7ef85ddf5cb18d4636a5205fd3fa2dce0411a0e30c", size = 116271, upload-time = "2025-08-12T15:11:07.845Z" },
    { url = "https://files.pythonhosted.org/packages/17/03/1006c7f8782d5327439e26d9b0ec66500ea7b679d4bbb6b891d2834ab3ee/orjson-3.11.2-cp312-cp312-manylinux_2_17_i686.manylinux2014_i686.whl", hash = "sha256:994181e7f1725bb5f2d481d7d228738e0743b16bf319ca85c29369c65913df14", size = 119086, upload-time = "2025-08-12T15:11:09.329Z" },
    { url = "https://files.pythonhosted.org/packages/44/61/57d22bc31f36a93878a6f772aea76b2184102c6993dea897656a66d18c74/orjson-3.11.2-cp312-cp312-manylinux_2_17_ppc64le.manylinux2014_ppc64le.whl", hash = "sha256:dbb79a0476393c07656b69c8e763c3cc925fa8e1d9e9b7d1f626901bb5025448", size = 120724, upload-time = "2025-08-12T15:11:10.674Z" },
    { url = "https://files.pythonhosted.org/packages/78/a9/4550e96b4c490c83aea697d5347b8f7eb188152cd7b5a38001055ca5b379/orjson-3.11.2-cp312-cp312-manylinux_2_17_s390x.manylinux2014_s390x.whl", hash = "sha256:191ed27a1dddb305083d8716af413d7219f40ec1d4c9b0e977453b4db0d6fb6c", size = 123577, upload-time = "2025-08-12T15:11:12.015Z" },
    { url = "https://files.pythonhosted.org/packages/3a/86/09b8cb3ebd513d708ef0c92d36ac3eebda814c65c72137b0a82d6d688fc4/orjson-3.11.2-cp312-cp312-manylinux_2_17_x86_64.manylinux2014_x86_64.whl", hash = "sha256:0afb89f16f07220183fd00f5f297328ed0a68d8722ad1b0c8dcd95b12bc82804", size = 121195, upload-time = "2025-08-12T15:11:13.399Z" },
    { url = "https://files.pythonhosted.org/packages/37/68/7b40b39ac2c1c644d4644e706d0de6c9999764341cd85f2a9393cb387661/orjson-3.11.2-cp312-cp312-musllinux_1_2_aarch64.whl", hash = "sha256:6ab6e6b4e93b1573a026b6ec16fca9541354dd58e514b62c558b58554ae04307", size = 119234, upload-time = "2025-08-12T15:11:15.134Z" },
    { url = "https://files.pythonhosted.org/packages/40/7c/bb6e7267cd80c19023d44d8cbc4ea4ed5429fcd4a7eb9950f50305697a28/orjson-3.11.2-cp312-cp312-musllinux_1_2_armv7l.whl", hash = "sha256:9cb23527efb61fb75527df55d20ee47989c4ee34e01a9c98ee9ede232abf6219", size = 392250, upload-time = "2025-08-12T15:11:16.604Z" },
    { url = "https://files.pythonhosted.org/packages/64/f2/6730ace05583dbca7c1b406d59f4266e48cd0d360566e71482420fb849fc/orjson-3.11.2-cp312-cp312-musllinux_1_2_i686.whl", hash = "sha256:a4dd1268e4035af21b8a09e4adf2e61f87ee7bf63b86d7bb0a237ac03fad5b45", size = 134572, upload-time = "2025-08-12T15:11:18.205Z" },
    { url = "https://files.pythonhosted.org/packages/96/0f/7d3e03a30d5aac0432882b539a65b8c02cb6dd4221ddb893babf09c424cc/orjson-3.11.2-cp312-cp312-musllinux_1_2_x86_64.whl", hash = "sha256:ff8b155b145eaf5a9d94d2c476fbe18d6021de93cf36c2ae2c8c5b775763f14e", size = 123869, upload-time = "2025-08-12T15:11:19.554Z" },
    { url = "https://files.pythonhosted.org/packages/45/80/1513265eba6d4a960f078f4b1d2bff94a571ab2d28c6f9835e03dfc65cc6/orjson-3.11.2-cp312-cp312-win32.whl", hash = "sha256:ae3bb10279d57872f9aba68c9931aa71ed3b295fa880f25e68da79e79453f46e", size = 124430, upload-time = "2025-08-12T15:11:20.914Z" },
    { url = "https://files.pythonhosted.org/packages/fb/61/eadf057b68a332351eeb3d89a4cc538d14f31cd8b5ec1b31a280426ccca2/orjson-3.11.2-cp312-cp312-win_amd64.whl", hash = "sha256:d026e1967239ec11a2559b4146a61d13914504b396f74510a1c4d6b19dfd8732", size = 119598, upload-time = "2025-08-12T15:11:22.372Z" },
    { url = "https://files.pythonhosted.org/packages/6b/3f/7f4b783402143d965ab7e9a2fc116fdb887fe53bdce7d3523271cd106098/orjson-3.11.2-cp312-cp312-win_arm64.whl", hash = "sha256:59f8d5ad08602711af9589375be98477d70e1d102645430b5a7985fdbf613b36", size = 114052, upload-time = "2025-08-12T15:11:23.762Z" },
    { url = "https://files.pythonhosted.org/packages/c2/f3/0dd6b4750eb556ae4e2c6a9cb3e219ec642e9c6d95f8ebe5dc9020c67204/orjson-3.11.2-cp313-cp313-macosx_10_15_x86_64.macosx_11_0_arm64.macosx_10_15_universal2.whl", hash = "sha256:a079fdba7062ab396380eeedb589afb81dc6683f07f528a03b6f7aae420a0219", size = 226419, upload-time = "2025-08-12T15:11:25.517Z" },
    { url = "https://files.pythonhosted.org/packages/44/d5/e67f36277f78f2af8a4690e0c54da6b34169812f807fd1b4bfc4dbcf9558/orjson-3.11.2-cp313-cp313-macosx_15_0_arm64.whl", hash = "sha256:6a5f62ebbc530bb8bb4b1ead103647b395ba523559149b91a6c545f7cd4110ad", size = 115803, upload-time = "2025-08-12T15:11:27.357Z" },
    { url = "https://files.pythonhosted.org/packages/24/37/ff8bc86e0dacc48f07c2b6e20852f230bf4435611bab65e3feae2b61f0ae/orjson-3.11.2-cp313-cp313-manylinux_2_17_aarch64.manylinux2014_aarch64.whl", hash = "sha256:d7df6c7b8b0931feb3420b72838c3e2ba98c228f7aa60d461bc050cf4ca5f7b2", size = 111337, upload-time = "2025-08-12T15:11:28.805Z" },
    { url = "https://files.pythonhosted.org/packages/b9/25/37d4d3e8079ea9784ea1625029988e7f4594ce50d4738b0c1e2bf4a9e201/orjson-3.11.2-cp313-cp313-manylinux_2_17_armv7l.manylinux2014_armv7l.whl", hash = "sha256:6f59dfea7da1fced6e782bb3699718088b1036cb361f36c6e4dd843c5111aefe", size = 116222, upload-time = "2025-08-12T15:11:30.18Z" },
    { url = "https://files.pythonhosted.org/packages/b7/32/a63fd9c07fce3b4193dcc1afced5dd4b0f3a24e27556604e9482b32189c9/orjson-3.11.2-cp313-cp313-manylinux_2_17_i686.manylinux2014_i686.whl", hash = "sha256:edf49146520fef308c31aa4c45b9925fd9c7584645caca7c0c4217d7900214ae", size = 119020, upload-time = "2025-08-12T15:11:31.59Z" },
    { url = "https://files.pythonhosted.org/packages/b4/b6/400792b8adc3079a6b5d649264a3224d6342436d9fac9a0ed4abc9dc4596/orjson-3.11.2-cp313-cp313-manylinux_2_17_ppc64le.manylinux2014_ppc64le.whl", hash = "sha256:50995bbeb5d41a32ad15e023305807f561ac5dcd9bd41a12c8d8d1d2c83e44e6", size = 120721, upload-time = "2025-08-12T15:11:33.035Z" },
    { url = "https://files.pythonhosted.org/packages/40/f3/31ab8f8c699eb9e65af8907889a0b7fef74c1d2b23832719a35da7bb0c58/orjson-3.11.2-cp313-cp313-manylinux_2_17_s390x.manylinux2014_s390x.whl", hash = "sha256:2cc42960515076eb639b705f105712b658c525863d89a1704d984b929b0577d1", size = 123574, upload-time = "2025-08-12T15:11:34.433Z" },
    { url = "https://files.pythonhosted.org/packages/bd/a6/ce4287c412dff81878f38d06d2c80845709c60012ca8daf861cb064b4574/orjson-3.11.2-cp313-cp313-manylinux_2_17_x86_64.manylinux2014_x86_64.whl", hash = "sha256:c56777cab2a7b2a8ea687fedafb84b3d7fdafae382165c31a2adf88634c432fa", size = 121225, upload-time = "2025-08-12T15:11:36.133Z" },
    { url = "https://files.pythonhosted.org/packages/69/b0/7a881b2aef4fed0287d2a4fbb029d01ed84fa52b4a68da82bdee5e50598e/orjson-3.11.2-cp313-cp313-musllinux_1_2_aarch64.whl", hash = "sha256:07349e88025b9b5c783077bf7a9f401ffbfb07fd20e86ec6fc5b7432c28c2c5e", size = 119201, upload-time = "2025-08-12T15:11:37.642Z" },
    { url = "https://files.pythonhosted.org/packages/cf/98/a325726b37f7512ed6338e5e65035c3c6505f4e628b09a5daf0419f054ea/orjson-3.11.2-cp313-cp313-musllinux_1_2_armv7l.whl", hash = "sha256:45841fbb79c96441a8c58aa29ffef570c5df9af91f0f7a9572e5505e12412f15", size = 392193, upload-time = "2025-08-12T15:11:39.153Z" },
    { url = "https://files.pythonhosted.org/packages/cb/4f/a7194f98b0ce1d28190e0c4caa6d091a3fc8d0107ad2209f75c8ba398984/orjson-3.11.2-cp313-cp313-musllinux_1_2_i686.whl", hash = "sha256:13d8d8db6cd8d89d4d4e0f4161acbbb373a4d2a4929e862d1d2119de4aa324ac", size = 134548, upload-time = "2025-08-12T15:11:40.768Z" },
    { url = "https://files.pythonhosted.org/packages/e8/5e/b84caa2986c3f472dc56343ddb0167797a708a8d5c3be043e1e2677b55df/orjson-3.11.2-cp313-cp313-musllinux_1_2_x86_64.whl", hash = "sha256:51da1ee2178ed09c00d09c1b953e45846bbc16b6420965eb7a913ba209f606d8", size = 123798, upload-time = "2025-08-12T15:11:42.164Z" },
    { url = "https://files.pythonhosted.org/packages/9c/5b/e398449080ce6b4c8fcadad57e51fa16f65768e1b142ba90b23ac5d10801/orjson-3.11.2-cp313-cp313-win32.whl", hash = "sha256:51dc033df2e4a4c91c0ba4f43247de99b3cbf42ee7a42ee2b2b2f76c8b2f2cb5", size = 124402, upload-time = "2025-08-12T15:11:44.036Z" },
    { url = "https://files.pythonhosted.org/packages/b3/66/429e4608e124debfc4790bfc37131f6958e59510ba3b542d5fc163be8e5f/orjson-3.11.2-cp313-cp313-win_amd64.whl", hash = "sha256:29d91d74942b7436f29b5d1ed9bcfc3f6ef2d4f7c4997616509004679936650d", size = 119498, upload-time = "2025-08-12T15:11:45.864Z" },
    { url = "https://files.pythonhosted.org/packages/7b/04/f8b5f317cce7ad3580a9ad12d7e2df0714dfa8a83328ecddd367af802f5b/orjson-3.11.2-cp313-cp313-win_arm64.whl", hash = "sha256:4ca4fb5ac21cd1e48028d4f708b1bb13e39c42d45614befd2ead004a8bba8535", size = 114051, upload-time = "2025-08-12T15:11:47.555Z" },
    { url = "https://files.pythonhosted.org/packages/74/83/2c363022b26c3c25b3708051a19d12f3374739bb81323f05b284392080c0/orjson-3.11.2-cp314-cp314-macosx_10_15_x86_64.macosx_11_0_arm64.macosx_10_15_universal2.whl", hash = "sha256:3dcba7101ea6a8d4ef060746c0f2e7aa8e2453a1012083e1ecce9726d7554cb7", size = 226406, upload-time = "2025-08-12T15:11:49.445Z" },
    { url = "https://files.pythonhosted.org/packages/b0/a7/aa3c973de0b33fc93b4bd71691665ffdfeae589ea9d0625584ab10a7d0f5/orjson-3.11.2-cp314-cp314-macosx_15_0_arm64.whl", hash = "sha256:15d17bdb76a142e1f55d91913e012e6e6769659daa6bfef3ef93f11083137e81", size = 115788, upload-time = "2025-08-12T15:11:50.992Z" },
    { url = "https://files.pythonhosted.org/packages/ef/f2/e45f233dfd09fdbb052ec46352363dca3906618e1a2b264959c18f809d0b/orjson-3.11.2-cp314-cp314-manylinux_2_34_aarch64.whl", hash = "sha256:53c9e81768c69d4b66b8876ec3c8e431c6e13477186d0db1089d82622bccd19f", size = 111318, upload-time = "2025-08-12T15:11:52.495Z" },
    { url = "https://files.pythonhosted.org/packages/3e/23/cf5a73c4da6987204cbbf93167f353ff0c5013f7c5e5ef845d4663a366da/orjson-3.11.2-cp314-cp314-manylinux_2_34_x86_64.whl", hash = "sha256:d4f13af59a7b84c1ca6b8a7ab70d608f61f7c44f9740cd42409e6ae7b6c8d8b7", size = 121231, upload-time = "2025-08-12T15:11:53.941Z" },
    { url = "https://files.pythonhosted.org/packages/40/1d/47468a398ae68a60cc21e599144e786e035bb12829cb587299ecebc088f1/orjson-3.11.2-cp314-cp314-musllinux_1_2_aarch64.whl", hash = "sha256:bde64aa469b5ee46cc960ed241fae3721d6a8801dacb2ca3466547a2535951e4", size = 119204, upload-time = "2025-08-12T15:11:55.409Z" },
    { url = "https://files.pythonhosted.org/packages/4d/d9/f99433d89b288b5bc8836bffb32a643f805e673cf840ef8bab6e73ced0d1/orjson-3.11.2-cp314-cp314-musllinux_1_2_armv7l.whl", hash = "sha256:b5ca86300aeb383c8fa759566aca065878d3d98c3389d769b43f0a2e84d52c5f", size = 392237, upload-time = "2025-08-12T15:11:57.18Z" },
    { url = "https://files.pythonhosted.org/packages/d4/dc/1b9d80d40cebef603325623405136a29fb7d08c877a728c0943dd066c29a/orjson-3.11.2-cp314-cp314-musllinux_1_2_i686.whl", hash = "sha256:24e32a558ebed73a6a71c8f1cbc163a7dd5132da5270ff3d8eeb727f4b6d1bc7", size = 134578, upload-time = "2025-08-12T15:11:58.844Z" },
    { url = "https://files.pythonhosted.org/packages/45/b3/72e7a4c5b6485ef4e83ef6aba7f1dd041002bad3eb5d1d106ca5b0fc02c6/orjson-3.11.2-cp314-cp314-musllinux_1_2_x86_64.whl", hash = "sha256:e36319a5d15b97e4344110517450396845cc6789aed712b1fbf83c1bd95792f6", size = 123799, upload-time = "2025-08-12T15:12:00.352Z" },
    { url = "https://files.pythonhosted.org/packages/c8/3e/a3d76b392e7acf9b34dc277171aad85efd6accc75089bb35b4c614990ea9/orjson-3.11.2-cp314-cp314-win32.whl", hash = "sha256:40193ada63fab25e35703454d65b6afc71dbc65f20041cb46c6d91709141ef7f", size = 124461, upload-time = "2025-08-12T15:12:01.854Z" },
    { url = "https://files.pythonhosted.org/packages/fb/e3/75c6a596ff8df9e4a5894813ff56695f0a218e6ea99420b4a645c4f7795d/orjson-3.11.2-cp314-cp314-win_amd64.whl", hash = "sha256:7c8ac5f6b682d3494217085cf04dadae66efee45349ad4ee2a1da3c97e2305a8", size = 119494, upload-time = "2025-08-12T15:12:03.337Z" },
    { url = "https://files.pythonhosted.org/packages/5b/3d/9e74742fc261c5ca473c96bb3344d03995869e1dc6402772c60afb97736a/orjson-3.11.2-cp314-cp314-win_arm64.whl", hash = "sha256:21cf261e8e79284242e4cb1e5924df16ae28255184aafeff19be1405f6d33f67", size = 114046, upload-time = "2025-08-12T15:12:04.87Z" },
]

[[package]]
name = "sniffio"
version = "1.3.1"
source = { registry = "https://pypi.org/simple" }
sdist = { url = "https://files.pythonhosted.org/packages/a2/87/a6771e1546d97e7e041b6ae58d80074f81b7d5121207425c964ddf5cfdbd/sniffio-1.3.1.tar.gz", hash = "sha256:f4324edc670a0f49750a81b895f35c3adb843cca46f0530f79fc1babb23789dc", size = 20372, upload-time = "2024-02-25T23:20:04.057Z" }
wheels = [
    { url = "https://files.pythonhosted.org/packages/e9/44/75a9c9421471a6c4805dbf2356f7c181a29c1879239abab1ea2cc8f38b40/sniffio-1.3.1-py3-none-any.whl", hash = "sha256:2f6da418d1f1e0fddd844478f41680e794e6051915791a034ff65e5f100525a2", size = 10235, upload-time = "2024-02-25T23:20:01.196Z" },
]

[[package]]
name = "typing-extensions"
version = "4.14.1"
source = { registry = "https://pypi.org/simple" }
sdist = { url = "https://files.pythonhosted.org/packages/98/5a/da40306b885cc8c09109dc2e1abd358d5684b1425678151cdaed4731c822/typing_extensions-4.14.1.tar.gz", hash = "sha256:38b39f4aeeab64884ce9f74c94263ef78f3c22467c8724005483154c26648d36", size = 107673, upload-time = "2025-07-04T13:28:34.16Z" }
wheels = [
    { url = "https://files.pythonhosted.org/packages/b5/00/d631e67a838026495268c2f6884f3711a15a9a2a96cd244fdaea53b823fb/typing_extensions-4.14.1-py3-none-any.whl", hash = "sha256:d1e1e3b58374dc93031d6eda2420a48ea44a36c2b4766a4fdeb3710755731d76", size = 43906, upload-time = "2025-07-04T13:28:32.743Z" },
]
